<?xml version="1.0" encoding="UTF-8"?>
<!DOCTYPE plist PUBLIC "-//Apple//DTD PLIST 1.0//EN" "http://www.apple.com/DTDs/PropertyList-1.0.dtd">
<plist version="1.0">
<dict>
	<key>archiveVersion</key>
	<string>1</string>
	<key>classes</key>
	<dict/>
	<key>objectVersion</key>
	<string>46</string>
	<key>objects</key>
	<dict>
		<key>3C3405E80F3D4483A1F114CA</key>
		<dict>
			<key>buildActionMask</key>
			<string>2147483647</string>
			<key>files</key>
			<array/>
			<key>inputPaths</key>
			<array/>
			<key>isa</key>
			<string>PBXShellScriptBuildPhase</string>
			<key>name</key>
			<string>Check Pods Manifest.lock</string>
			<key>outputPaths</key>
			<array/>
			<key>runOnlyForDeploymentPostprocessing</key>
			<string>0</string>
			<key>shellPath</key>
			<string>/bin/sh</string>
			<key>shellScript</key>
			<string>diff "${PODS_ROOT}/../Podfile.lock" "${PODS_ROOT}/Manifest.lock" &gt; /dev/null
if [[ $? != 0 ]] ; then
    cat &lt;&lt; EOM
error: The sanbox is not in sync with the Podfile.lock. Run 'pod install'.
EOM
    exit 1
fi
</string>
			<key>showEnvVarsInLog</key>
			<string>1</string>
		</dict>
		<key>41EF13C7C741430CB3523135</key>
		<dict>
			<key>explicitFileType</key>
			<string>archive.ar</string>
			<key>includeInIndex</key>
			<string>0</string>
			<key>isa</key>
			<string>PBXFileReference</string>
			<key>name</key>
			<string>libPods.a</string>
			<key>path</key>
			<string>libPods.a</string>
			<key>sourceTree</key>
			<string>BUILT_PRODUCTS_DIR</string>
		</dict>
		<key>512772A6AEA6493D824F0323</key>
		<dict>
			<key>fileRef</key>
			<string>41EF13C7C741430CB3523135</string>
			<key>isa</key>
			<string>PBXBuildFile</string>
			<key>settings</key>
			<dict/>
		</dict>
		<key>AD39B7CE178E03DC00F5DD63</key>
		<dict>
			<key>children</key>
			<array>
				<string>AD39B7E2178E03DC00F5DD63</string>
				<string>AD39B7FF178E03DC00F5DD63</string>
				<string>AD39B7D9178E03DC00F5DD63</string>
				<string>AD39B7D8178E03DC00F5DD63</string>
				<string>E10E31E3F6884674BF44C1C0</string>
			</array>
			<key>isa</key>
			<string>PBXGroup</string>
			<key>sourceTree</key>
			<string>&lt;group&gt;</string>
		</dict>
		<key>AD39B7CF178E03DC00F5DD63</key>
		<dict>
			<key>attributes</key>
			<dict>
				<key>CLASSPREFIX</key>
				<string>PN</string>
				<key>LastUpgradeCheck</key>
				<string>0500</string>
				<key>ORGANIZATIONNAME</key>
				<string>Bradley Griffith</string>
				<key>TargetAttributes</key>
				<dict>
					<key>AD39B7F6178E03DC00F5DD63</key>
					<dict>
						<key>TestTargetID</key>
						<string>AD39B7D6178E03DC00F5DD63</string>
					</dict>
				</dict>
			</dict>
			<key>buildConfigurationList</key>
			<string>AD39B7D2178E03DC00F5DD63</string>
			<key>compatibilityVersion</key>
			<string>Xcode 3.2</string>
			<key>developmentRegion</key>
			<string>English</string>
			<key>hasScannedForEncodings</key>
			<string>0</string>
			<key>isa</key>
			<string>PBXProject</string>
			<key>knownRegions</key>
			<array>
				<string>en</string>
			</array>
			<key>mainGroup</key>
			<string>AD39B7CE178E03DC00F5DD63</string>
			<key>productRefGroup</key>
			<string>AD39B7D8178E03DC00F5DD63</string>
			<key>projectDirPath</key>
			<string></string>
			<key>projectReferences</key>
			<array/>
			<key>projectRoot</key>
			<string></string>
			<key>targets</key>
			<array>
				<string>AD39B7D6178E03DC00F5DD63</string>
				<string>AD39B7F6178E03DC00F5DD63</string>
			</array>
		</dict>
		<key>AD39B7D2178E03DC00F5DD63</key>
		<dict>
			<key>buildConfigurations</key>
			<array>
				<string>AD39B807178E03DC00F5DD63</string>
				<string>AD39B808178E03DC00F5DD63</string>
			</array>
			<key>defaultConfigurationIsVisible</key>
			<string>0</string>
			<key>defaultConfigurationName</key>
			<string>Release</string>
			<key>isa</key>
			<string>XCConfigurationList</string>
		</dict>
		<key>AD39B7D3178E03DC00F5DD63</key>
		<dict>
			<key>buildActionMask</key>
			<string>2147483647</string>
			<key>files</key>
			<array>
				<string>AD9DB500178E27B90040DAD5</string>
				<string>AD39B7F0178E03DC00F5DD63</string>
				<string>AD39B7ED178E03DC00F5DD63</string>
				<string>AD39B7E9178E03DC00F5DD63</string>
			</array>
			<key>isa</key>
			<string>PBXSourcesBuildPhase</string>
			<key>runOnlyForDeploymentPostprocessing</key>
			<string>0</string>
		</dict>
		<key>AD39B7D4178E03DC00F5DD63</key>
		<dict>
			<key>buildActionMask</key>
			<string>2147483647</string>
			<key>files</key>
			<array>
				<string>AD39B7DD178E03DC00F5DD63</string>
				<string>AD39B7E1178E03DC00F5DD63</string>
				<string>AD39B7DF178E03DC00F5DD63</string>
				<string>AD39B7DB178E03DC00F5DD63</string>
				<string>512772A6AEA6493D824F0323</string>
			</array>
			<key>isa</key>
			<string>PBXFrameworksBuildPhase</string>
			<key>runOnlyForDeploymentPostprocessing</key>
			<string>0</string>
		</dict>
		<key>AD39B7D5178E03DC00F5DD63</key>
		<dict>
			<key>buildActionMask</key>
			<string>2147483647</string>
			<key>files</key>
			<array>
				<string>AD39B810178E040100F5DD63</string>
				<string>AD39B7E7178E03DC00F5DD63</string>
				<string>AD39B7F2178E03DC00F5DD63</string>
			</array>
			<key>isa</key>
			<string>PBXResourcesBuildPhase</string>
			<key>runOnlyForDeploymentPostprocessing</key>
			<string>0</string>
		</dict>
		<key>AD39B7D6178E03DC00F5DD63</key>
		<dict>
			<key>buildConfigurationList</key>
			<string>AD39B809178E03DC00F5DD63</string>
			<key>buildPhases</key>
			<array>
				<string>3C3405E80F3D4483A1F114CA</string>
				<string>AD39B7D3178E03DC00F5DD63</string>
				<string>AD39B7D4178E03DC00F5DD63</string>
				<string>AD39B7D5178E03DC00F5DD63</string>
				<string>F61D1B071D68436CABCE9E41</string>
			</array>
			<key>buildRules</key>
			<array/>
			<key>dependencies</key>
			<array/>
			<key>isa</key>
			<string>PBXNativeTarget</string>
			<key>name</key>
			<string>PushNotifications</string>
			<key>productName</key>
			<string>PushNotifications</string>
			<key>productReference</key>
			<string>AD39B7D7178E03DC00F5DD63</string>
			<key>productType</key>
			<string>com.apple.product-type.application</string>
		</dict>
		<key>AD39B7D7178E03DC00F5DD63</key>
		<dict>
			<key>explicitFileType</key>
			<string>wrapper.application</string>
			<key>includeInIndex</key>
			<string>0</string>
			<key>isa</key>
			<string>PBXFileReference</string>
			<key>path</key>
			<string>PushNotifications.app</string>
			<key>sourceTree</key>
			<string>BUILT_PRODUCTS_DIR</string>
		</dict>
		<key>AD39B7D8178E03DC00F5DD63</key>
		<dict>
			<key>children</key>
			<array>
				<string>AD39B7D7178E03DC00F5DD63</string>
				<string>AD39B7F7178E03DC00F5DD63</string>
			</array>
			<key>isa</key>
			<string>PBXGroup</string>
			<key>name</key>
			<string>Products</string>
			<key>sourceTree</key>
			<string>&lt;group&gt;</string>
		</dict>
		<key>AD39B7D9178E03DC00F5DD63</key>
		<dict>
			<key>children</key>
			<array>
				<string>AD39B7DA178E03DC00F5DD63</string>
				<string>AD39B7DC178E03DC00F5DD63</string>
				<string>AD39B7DE178E03DC00F5DD63</string>
				<string>AD39B7E0178E03DC00F5DD63</string>
				<string>AD39B7F8178E03DC00F5DD63</string>
				<string>41EF13C7C741430CB3523135</string>
			</array>
			<key>isa</key>
			<string>PBXGroup</string>
			<key>name</key>
			<string>Frameworks</string>
			<key>sourceTree</key>
			<string>&lt;group&gt;</string>
		</dict>
		<key>AD39B7DA178E03DC00F5DD63</key>
		<dict>
			<key>isa</key>
			<string>PBXFileReference</string>
			<key>lastKnownFileType</key>
			<string>wrapper.framework</string>
			<key>name</key>
			<string>Foundation.framework</string>
			<key>path</key>
			<string>System/Library/Frameworks/Foundation.framework</string>
			<key>sourceTree</key>
			<string>SDKROOT</string>
		</dict>
		<key>AD39B7DB178E03DC00F5DD63</key>
		<dict>
			<key>fileRef</key>
			<string>AD39B7DA178E03DC00F5DD63</string>
			<key>isa</key>
			<string>PBXBuildFile</string>
		</dict>
		<key>AD39B7DC178E03DC00F5DD63</key>
		<dict>
			<key>isa</key>
			<string>PBXFileReference</string>
			<key>lastKnownFileType</key>
			<string>wrapper.framework</string>
			<key>name</key>
			<string>CoreGraphics.framework</string>
			<key>path</key>
			<string>System/Library/Frameworks/CoreGraphics.framework</string>
			<key>sourceTree</key>
			<string>SDKROOT</string>
		</dict>
		<key>AD39B7DD178E03DC00F5DD63</key>
		<dict>
			<key>fileRef</key>
			<string>AD39B7DC178E03DC00F5DD63</string>
			<key>isa</key>
			<string>PBXBuildFile</string>
		</dict>
		<key>AD39B7DE178E03DC00F5DD63</key>
		<dict>
			<key>isa</key>
			<string>PBXFileReference</string>
			<key>lastKnownFileType</key>
			<string>wrapper.framework</string>
			<key>name</key>
			<string>UIKit.framework</string>
			<key>path</key>
			<string>System/Library/Frameworks/UIKit.framework</string>
			<key>sourceTree</key>
			<string>SDKROOT</string>
		</dict>
		<key>AD39B7DF178E03DC00F5DD63</key>
		<dict>
			<key>fileRef</key>
			<string>AD39B7DE178E03DC00F5DD63</string>
			<key>isa</key>
			<string>PBXBuildFile</string>
		</dict>
		<key>AD39B7E0178E03DC00F5DD63</key>
		<dict>
			<key>isa</key>
			<string>PBXFileReference</string>
			<key>lastKnownFileType</key>
			<string>wrapper.framework</string>
			<key>name</key>
			<string>CoreData.framework</string>
			<key>path</key>
			<string>System/Library/Frameworks/CoreData.framework</string>
			<key>sourceTree</key>
			<string>SDKROOT</string>
		</dict>
		<key>AD39B7E1178E03DC00F5DD63</key>
		<dict>
			<key>fileRef</key>
			<string>AD39B7E0178E03DC00F5DD63</string>
			<key>isa</key>
			<string>PBXBuildFile</string>
		</dict>
		<key>AD39B7E2178E03DC00F5DD63</key>
		<dict>
			<key>children</key>
			<array>
				<string>AD39B7EB178E03DC00F5DD63</string>
				<string>AD39B7EC178E03DC00F5DD63</string>
				<string>AD39B7F1178E03DC00F5DD63</string>
				<string>AD39B7EE178E03DC00F5DD63</string>
				<string>AD39B812178E049200F5DD63</string>
				<string>AD39B7E3178E03DC00F5DD63</string>
			</array>
			<key>isa</key>
			<string>PBXGroup</string>
			<key>path</key>
			<string>PushNotifications</string>
			<key>sourceTree</key>
			<string>&lt;group&gt;</string>
		</dict>
		<key>AD39B7E3178E03DC00F5DD63</key>
		<dict>
			<key>children</key>
			<array>
				<string>AD39B80F178E040100F5DD63</string>
				<string>AD39B7E4178E03DC00F5DD63</string>
				<string>AD39B7E5178E03DC00F5DD63</string>
				<string>AD39B7E8178E03DC00F5DD63</string>
				<string>AD39B7EA178E03DC00F5DD63</string>
			</array>
			<key>isa</key>
			<string>PBXGroup</string>
			<key>name</key>
			<string>Supporting Files</string>
			<key>sourceTree</key>
			<string>&lt;group&gt;</string>
		</dict>
		<key>AD39B7E4178E03DC00F5DD63</key>
		<dict>
			<key>isa</key>
			<string>PBXFileReference</string>
			<key>lastKnownFileType</key>
			<string>text.plist.xml</string>
			<key>path</key>
			<string>PushNotifications-Info.plist</string>
			<key>sourceTree</key>
			<string>&lt;group&gt;</string>
		</dict>
		<key>AD39B7E5178E03DC00F5DD63</key>
		<dict>
			<key>children</key>
			<array>
				<string>AD39B7E6178E03DC00F5DD63</string>
			</array>
			<key>isa</key>
			<string>PBXVariantGroup</string>
			<key>name</key>
			<string>InfoPlist.strings</string>
			<key>sourceTree</key>
			<string>&lt;group&gt;</string>
		</dict>
		<key>AD39B7E6178E03DC00F5DD63</key>
		<dict>
			<key>isa</key>
			<string>PBXFileReference</string>
			<key>lastKnownFileType</key>
			<string>text.plist.strings</string>
			<key>name</key>
			<string>en</string>
			<key>path</key>
			<string>en.lproj/InfoPlist.strings</string>
			<key>sourceTree</key>
			<string>&lt;group&gt;</string>
		</dict>
		<key>AD39B7E7178E03DC00F5DD63</key>
		<dict>
			<key>fileRef</key>
			<string>AD39B7E5178E03DC00F5DD63</string>
			<key>isa</key>
			<string>PBXBuildFile</string>
		</dict>
		<key>AD39B7E8178E03DC00F5DD63</key>
		<dict>
			<key>isa</key>
			<string>PBXFileReference</string>
			<key>lastKnownFileType</key>
			<string>sourcecode.c.objc</string>
			<key>path</key>
			<string>main.m</string>
			<key>sourceTree</key>
			<string>&lt;group&gt;</string>
		</dict>
		<key>AD39B7E9178E03DC00F5DD63</key>
		<dict>
			<key>fileRef</key>
			<string>AD39B7E8178E03DC00F5DD63</string>
			<key>isa</key>
			<string>PBXBuildFile</string>
		</dict>
		<key>AD39B7EA178E03DC00F5DD63</key>
		<dict>
			<key>isa</key>
			<string>PBXFileReference</string>
			<key>lastKnownFileType</key>
			<string>sourcecode.c.h</string>
			<key>path</key>
			<string>PushNotifications-Prefix.pch</string>
			<key>sourceTree</key>
			<string>&lt;group&gt;</string>
		</dict>
		<key>AD39B7EB178E03DC00F5DD63</key>
		<dict>
			<key>isa</key>
			<string>PBXFileReference</string>
			<key>lastKnownFileType</key>
			<string>sourcecode.c.h</string>
			<key>path</key>
			<string>PNAppDelegate.h</string>
			<key>sourceTree</key>
			<string>&lt;group&gt;</string>
		</dict>
		<key>AD39B7EC178E03DC00F5DD63</key>
		<dict>
			<key>isa</key>
			<string>PBXFileReference</string>
			<key>lastKnownFileType</key>
			<string>sourcecode.c.objc</string>
			<key>path</key>
			<string>PNAppDelegate.m</string>
			<key>sourceTree</key>
			<string>&lt;group&gt;</string>
		</dict>
		<key>AD39B7ED178E03DC00F5DD63</key>
		<dict>
			<key>fileRef</key>
			<string>AD39B7EC178E03DC00F5DD63</string>
			<key>isa</key>
			<string>PBXBuildFile</string>
		</dict>
		<key>AD39B7EE178E03DC00F5DD63</key>
		<dict>
			<key>children</key>
			<array>
				<string>AD39B7EF178E03DC00F5DD63</string>
			</array>
			<key>currentVersion</key>
			<string>AD39B7EF178E03DC00F5DD63</string>
			<key>isa</key>
			<string>XCVersionGroup</string>
			<key>path</key>
			<string>PushNotifications.xcdatamodeld</string>
			<key>sourceTree</key>
			<string>&lt;group&gt;</string>
			<key>versionGroupType</key>
			<string>wrapper.xcdatamodel</string>
		</dict>
		<key>AD39B7EF178E03DC00F5DD63</key>
		<dict>
			<key>isa</key>
			<string>PBXFileReference</string>
			<key>lastKnownFileType</key>
			<string>wrapper.xcdatamodel</string>
			<key>path</key>
			<string>PushNotifications.xcdatamodel</string>
			<key>sourceTree</key>
			<string>&lt;group&gt;</string>
		</dict>
		<key>AD39B7F0178E03DC00F5DD63</key>
		<dict>
			<key>fileRef</key>
			<string>AD39B7EE178E03DC00F5DD63</string>
			<key>isa</key>
			<string>PBXBuildFile</string>
		</dict>
		<key>AD39B7F1178E03DC00F5DD63</key>
		<dict>
			<key>isa</key>
			<string>PBXFileReference</string>
			<key>lastKnownFileType</key>
			<string>folder.assetcatalog</string>
			<key>path</key>
			<string>Images.xcassets</string>
			<key>sourceTree</key>
			<string>&lt;group&gt;</string>
		</dict>
		<key>AD39B7F2178E03DC00F5DD63</key>
		<dict>
			<key>fileRef</key>
			<string>AD39B7F1178E03DC00F5DD63</string>
			<key>isa</key>
			<string>PBXBuildFile</string>
		</dict>
		<key>AD39B7F3178E03DC00F5DD63</key>
		<dict>
			<key>buildActionMask</key>
			<string>2147483647</string>
			<key>files</key>
			<array>
				<string>AD39B806178E03DC00F5DD63</string>
			</array>
			<key>isa</key>
			<string>PBXSourcesBuildPhase</string>
			<key>runOnlyForDeploymentPostprocessing</key>
			<string>0</string>
		</dict>
		<key>AD39B7F4178E03DC00F5DD63</key>
		<dict>
			<key>buildActionMask</key>
			<string>2147483647</string>
			<key>files</key>
			<array>
				<string>AD39B7F9178E03DC00F5DD63</string>
				<string>AD39B7FC178E03DC00F5DD63</string>
				<string>AD39B7FB178E03DC00F5DD63</string>
				<string>AD39B7FA178E03DC00F5DD63</string>
			</array>
			<key>isa</key>
			<string>PBXFrameworksBuildPhase</string>
			<key>runOnlyForDeploymentPostprocessing</key>
			<string>0</string>
		</dict>
		<key>AD39B7F5178E03DC00F5DD63</key>
		<dict>
			<key>buildActionMask</key>
			<string>2147483647</string>
			<key>files</key>
			<array>
				<string>AD39B804178E03DC00F5DD63</string>
			</array>
			<key>isa</key>
			<string>PBXResourcesBuildPhase</string>
			<key>runOnlyForDeploymentPostprocessing</key>
			<string>0</string>
		</dict>
		<key>AD39B7F6178E03DC00F5DD63</key>
		<dict>
			<key>buildConfigurationList</key>
			<string>AD39B80C178E03DC00F5DD63</string>
			<key>buildPhases</key>
			<array>
				<string>AD39B7F3178E03DC00F5DD63</string>
				<string>AD39B7F4178E03DC00F5DD63</string>
				<string>AD39B7F5178E03DC00F5DD63</string>
			</array>
			<key>buildRules</key>
			<array/>
			<key>dependencies</key>
			<array>
				<string>AD39B7FE178E03DC00F5DD63</string>
			</array>
			<key>isa</key>
			<string>PBXNativeTarget</string>
			<key>name</key>
			<string>PushNotificationsTests</string>
			<key>productName</key>
			<string>PushNotificationsTests</string>
			<key>productReference</key>
			<string>AD39B7F7178E03DC00F5DD63</string>
			<key>productType</key>
			<string>com.apple.product-type.bundle.unit-test</string>
		</dict>
		<key>AD39B7F7178E03DC00F5DD63</key>
		<dict>
			<key>explicitFileType</key>
			<string>wrapper.cfbundle</string>
			<key>includeInIndex</key>
			<string>0</string>
			<key>isa</key>
			<string>PBXFileReference</string>
			<key>path</key>
			<string>PushNotificationsTests.xctest</string>
			<key>sourceTree</key>
			<string>BUILT_PRODUCTS_DIR</string>
		</dict>
		<key>AD39B7F8178E03DC00F5DD63</key>
		<dict>
			<key>isa</key>
			<string>PBXFileReference</string>
			<key>lastKnownFileType</key>
			<string>wrapper.framework</string>
			<key>name</key>
			<string>XCTest.framework</string>
			<key>path</key>
			<string>Library/Frameworks/XCTest.framework</string>
			<key>sourceTree</key>
			<string>DEVELOPER_DIR</string>
		</dict>
		<key>AD39B7F9178E03DC00F5DD63</key>
		<dict>
			<key>fileRef</key>
			<string>AD39B7F8178E03DC00F5DD63</string>
			<key>isa</key>
			<string>PBXBuildFile</string>
		</dict>
		<key>AD39B7FA178E03DC00F5DD63</key>
		<dict>
			<key>fileRef</key>
			<string>AD39B7DA178E03DC00F5DD63</string>
			<key>isa</key>
			<string>PBXBuildFile</string>
		</dict>
		<key>AD39B7FB178E03DC00F5DD63</key>
		<dict>
			<key>fileRef</key>
			<string>AD39B7DE178E03DC00F5DD63</string>
			<key>isa</key>
			<string>PBXBuildFile</string>
		</dict>
		<key>AD39B7FC178E03DC00F5DD63</key>
		<dict>
			<key>fileRef</key>
			<string>AD39B7E0178E03DC00F5DD63</string>
			<key>isa</key>
			<string>PBXBuildFile</string>
		</dict>
		<key>AD39B7FD178E03DC00F5DD63</key>
		<dict>
			<key>containerPortal</key>
			<string>AD39B7CF178E03DC00F5DD63</string>
			<key>isa</key>
			<string>PBXContainerItemProxy</string>
			<key>proxyType</key>
			<string>1</string>
			<key>remoteGlobalIDString</key>
			<string>AD39B7D6178E03DC00F5DD63</string>
			<key>remoteInfo</key>
			<string>PushNotifications</string>
		</dict>
		<key>AD39B7FE178E03DC00F5DD63</key>
		<dict>
			<key>isa</key>
			<string>PBXTargetDependency</string>
			<key>target</key>
			<string>AD39B7D6178E03DC00F5DD63</string>
			<key>targetProxy</key>
			<string>AD39B7FD178E03DC00F5DD63</string>
		</dict>
		<key>AD39B7FF178E03DC00F5DD63</key>
		<dict>
			<key>children</key>
			<array>
				<string>AD39B805178E03DC00F5DD63</string>
				<string>AD39B800178E03DC00F5DD63</string>
			</array>
			<key>isa</key>
			<string>PBXGroup</string>
			<key>path</key>
			<string>PushNotificationsTests</string>
			<key>sourceTree</key>
			<string>&lt;group&gt;</string>
		</dict>
		<key>AD39B800178E03DC00F5DD63</key>
		<dict>
			<key>children</key>
			<array>
				<string>AD39B801178E03DC00F5DD63</string>
				<string>AD39B802178E03DC00F5DD63</string>
			</array>
			<key>isa</key>
			<string>PBXGroup</string>
			<key>name</key>
			<string>Supporting Files</string>
			<key>sourceTree</key>
			<string>&lt;group&gt;</string>
		</dict>
		<key>AD39B801178E03DC00F5DD63</key>
		<dict>
			<key>isa</key>
			<string>PBXFileReference</string>
			<key>lastKnownFileType</key>
			<string>text.plist.xml</string>
			<key>path</key>
			<string>PushNotificationsTests-Info.plist</string>
			<key>sourceTree</key>
			<string>&lt;group&gt;</string>
		</dict>
		<key>AD39B802178E03DC00F5DD63</key>
		<dict>
			<key>children</key>
			<array>
				<string>AD39B803178E03DC00F5DD63</string>
			</array>
			<key>isa</key>
			<string>PBXVariantGroup</string>
			<key>name</key>
			<string>InfoPlist.strings</string>
			<key>sourceTree</key>
			<string>&lt;group&gt;</string>
		</dict>
		<key>AD39B803178E03DC00F5DD63</key>
		<dict>
			<key>isa</key>
			<string>PBXFileReference</string>
			<key>lastKnownFileType</key>
			<string>text.plist.strings</string>
			<key>name</key>
			<string>en</string>
			<key>path</key>
			<string>en.lproj/InfoPlist.strings</string>
			<key>sourceTree</key>
			<string>&lt;group&gt;</string>
		</dict>
		<key>AD39B804178E03DC00F5DD63</key>
		<dict>
			<key>fileRef</key>
			<string>AD39B802178E03DC00F5DD63</string>
			<key>isa</key>
			<string>PBXBuildFile</string>
		</dict>
		<key>AD39B805178E03DC00F5DD63</key>
		<dict>
			<key>isa</key>
			<string>PBXFileReference</string>
			<key>lastKnownFileType</key>
			<string>sourcecode.c.objc</string>
			<key>path</key>
			<string>PushNotificationsTests.m</string>
			<key>sourceTree</key>
			<string>&lt;group&gt;</string>
		</dict>
		<key>AD39B806178E03DC00F5DD63</key>
		<dict>
			<key>fileRef</key>
			<string>AD39B805178E03DC00F5DD63</string>
			<key>isa</key>
			<string>PBXBuildFile</string>
		</dict>
		<key>AD39B807178E03DC00F5DD63</key>
		<dict>
			<key>buildSettings</key>
			<dict>
				<key>ALWAYS_SEARCH_USER_PATHS</key>
				<string>NO</string>
				<key>CLANG_CXX_LANGUAGE_STANDARD</key>
				<string>gnu++0x</string>
				<key>CLANG_CXX_LIBRARY</key>
				<string>libc++</string>
				<key>CLANG_ENABLE_MODULES</key>
				<string>YES</string>
				<key>CLANG_ENABLE_OBJC_ARC</key>
				<string>YES</string>
				<key>CLANG_WARN_BOOL_CONVERSION</key>
				<string>YES</string>
				<key>CLANG_WARN_CONSTANT_CONVERSION</key>
				<string>YES</string>
				<key>CLANG_WARN_DIRECT_OBJC_ISA_USAGE</key>
				<string>YES_ERROR</string>
				<key>CLANG_WARN_EMPTY_BODY</key>
				<string>YES</string>
				<key>CLANG_WARN_ENUM_CONVERSION</key>
				<string>YES</string>
				<key>CLANG_WARN_INT_CONVERSION</key>
				<string>YES</string>
				<key>CLANG_WARN_OBJC_ROOT_CLASS</key>
				<string>YES_ERROR</string>
				<key>CLANG_WARN__DUPLICATE_METHOD_MATCH</key>
				<string>YES</string>
				<key>CODE_SIGN_IDENTITY[sdk=iphoneos*]</key>
				<string>iPhone Developer</string>
				<key>COPY_PHASE_STRIP</key>
				<string>NO</string>
				<key>GCC_C_LANGUAGE_STANDARD</key>
				<string>gnu99</string>
				<key>GCC_DYNAMIC_NO_PIC</key>
				<string>NO</string>
				<key>GCC_OPTIMIZATION_LEVEL</key>
				<string>0</string>
				<key>GCC_PREPROCESSOR_DEFINITIONS</key>
				<array>
					<string>DEBUG=1</string>
					<string>$(inherited)</string>
				</array>
				<key>GCC_SYMBOLS_PRIVATE_EXTERN</key>
				<string>NO</string>
				<key>GCC_WARN_ABOUT_RETURN_TYPE</key>
				<string>YES_ERROR</string>
				<key>GCC_WARN_UNDECLARED_SELECTOR</key>
				<string>YES</string>
				<key>GCC_WARN_UNINITIALIZED_AUTOS</key>
				<string>YES</string>
				<key>GCC_WARN_UNUSED_FUNCTION</key>
				<string>YES</string>
				<key>GCC_WARN_UNUSED_VARIABLE</key>
				<string>YES</string>
				<key>IPHONEOS_DEPLOYMENT_TARGET</key>
				<string>7.0</string>
				<key>ONLY_ACTIVE_ARCH</key>
				<string>YES</string>
				<key>SDKROOT</key>
				<string>iphoneos</string>
			</dict>
			<key>isa</key>
			<string>XCBuildConfiguration</string>
			<key>name</key>
			<string>Debug</string>
		</dict>
		<key>AD39B808178E03DC00F5DD63</key>
		<dict>
			<key>buildSettings</key>
			<dict>
				<key>ALWAYS_SEARCH_USER_PATHS</key>
				<string>NO</string>
				<key>CLANG_CXX_LANGUAGE_STANDARD</key>
				<string>gnu++0x</string>
				<key>CLANG_CXX_LIBRARY</key>
				<string>libc++</string>
				<key>CLANG_ENABLE_MODULES</key>
				<string>YES</string>
				<key>CLANG_ENABLE_OBJC_ARC</key>
				<string>YES</string>
				<key>CLANG_WARN_BOOL_CONVERSION</key>
				<string>YES</string>
				<key>CLANG_WARN_CONSTANT_CONVERSION</key>
				<string>YES</string>
				<key>CLANG_WARN_DIRECT_OBJC_ISA_USAGE</key>
				<string>YES_ERROR</string>
				<key>CLANG_WARN_EMPTY_BODY</key>
				<string>YES</string>
				<key>CLANG_WARN_ENUM_CONVERSION</key>
				<string>YES</string>
				<key>CLANG_WARN_INT_CONVERSION</key>
				<string>YES</string>
				<key>CLANG_WARN_OBJC_ROOT_CLASS</key>
				<string>YES_ERROR</string>
				<key>CLANG_WARN__DUPLICATE_METHOD_MATCH</key>
				<string>YES</string>
				<key>CODE_SIGN_IDENTITY[sdk=iphoneos*]</key>
				<string>iPhone Developer</string>
				<key>COPY_PHASE_STRIP</key>
				<string>YES</string>
				<key>ENABLE_NS_ASSERTIONS</key>
				<string>NO</string>
				<key>GCC_C_LANGUAGE_STANDARD</key>
				<string>gnu99</string>
				<key>GCC_WARN_ABOUT_RETURN_TYPE</key>
				<string>YES_ERROR</string>
				<key>GCC_WARN_UNDECLARED_SELECTOR</key>
				<string>YES</string>
				<key>GCC_WARN_UNINITIALIZED_AUTOS</key>
				<string>YES</string>
				<key>GCC_WARN_UNUSED_FUNCTION</key>
				<string>YES</string>
				<key>GCC_WARN_UNUSED_VARIABLE</key>
				<string>YES</string>
				<key>IPHONEOS_DEPLOYMENT_TARGET</key>
				<string>7.0</string>
				<key>SDKROOT</key>
				<string>iphoneos</string>
				<key>VALIDATE_PRODUCT</key>
				<string>YES</string>
			</dict>
			<key>isa</key>
			<string>XCBuildConfiguration</string>
			<key>name</key>
			<string>Release</string>
		</dict>
		<key>AD39B809178E03DC00F5DD63</key>
		<dict>
			<key>buildConfigurations</key>
			<array>
				<string>AD39B80A178E03DC00F5DD63</string>
				<string>AD39B80B178E03DC00F5DD63</string>
			</array>
			<key>defaultConfigurationIsVisible</key>
			<string>0</string>
			<key>defaultConfigurationName</key>
			<string>Release</string>
			<key>isa</key>
			<string>XCConfigurationList</string>
		</dict>
		<key>AD39B80A178E03DC00F5DD63</key>
		<dict>
			<key>baseConfigurationReference</key>
			<string>E10E31E3F6884674BF44C1C0</string>
			<key>buildSettings</key>
			<dict>
				<key>ASSETCATALOG_COMPILER_APPICON_NAME</key>
				<string>AppIcon</string>
				<key>ASSETCATALOG_COMPILER_LAUNCHIMAGE_NAME</key>
				<string>LaunchImage</string>
				<key>GCC_PRECOMPILE_PREFIX_HEADER</key>
				<string>YES</string>
				<key>GCC_PREFIX_HEADER</key>
				<string>PushNotifications/PushNotifications-Prefix.pch</string>
				<key>INFOPLIST_FILE</key>
				<string>PushNotifications/PushNotifications-Info.plist</string>
				<key>PRODUCT_NAME</key>
				<string>$(TARGET_NAME)</string>
				<key>WRAPPER_EXTENSION</key>
				<string>app</string>
			</dict>
			<key>isa</key>
			<string>XCBuildConfiguration</string>
			<key>name</key>
			<string>Debug</string>
		</dict>
		<key>AD39B80B178E03DC00F5DD63</key>
		<dict>
			<key>baseConfigurationReference</key>
			<string>E10E31E3F6884674BF44C1C0</string>
			<key>buildSettings</key>
			<dict>
				<key>ASSETCATALOG_COMPILER_APPICON_NAME</key>
				<string>AppIcon</string>
				<key>ASSETCATALOG_COMPILER_LAUNCHIMAGE_NAME</key>
				<string>LaunchImage</string>
				<key>GCC_PRECOMPILE_PREFIX_HEADER</key>
				<string>YES</string>
				<key>GCC_PREFIX_HEADER</key>
				<string>PushNotifications/PushNotifications-Prefix.pch</string>
				<key>INFOPLIST_FILE</key>
				<string>PushNotifications/PushNotifications-Info.plist</string>
				<key>PRODUCT_NAME</key>
				<string>$(TARGET_NAME)</string>
				<key>WRAPPER_EXTENSION</key>
				<string>app</string>
			</dict>
			<key>isa</key>
			<string>XCBuildConfiguration</string>
			<key>name</key>
			<string>Release</string>
		</dict>
		<key>AD39B80C178E03DC00F5DD63</key>
		<dict>
			<key>buildConfigurations</key>
			<array>
				<string>AD39B80D178E03DC00F5DD63</string>
				<string>AD39B80E178E03DC00F5DD63</string>
			</array>
			<key>defaultConfigurationIsVisible</key>
			<string>0</string>
			<key>defaultConfigurationName</key>
			<string>Release</string>
			<key>isa</key>
			<string>XCConfigurationList</string>
		</dict>
		<key>AD39B80D178E03DC00F5DD63</key>
		<dict>
			<key>buildSettings</key>
			<dict>
				<key>BUNDLE_LOADER</key>
				<string>$(BUILT_PRODUCTS_DIR)/PushNotifications.app/PushNotifications</string>
				<key>FRAMEWORK_SEARCH_PATHS</key>
				<array>
					<string>$(SDKROOT)/Developer/Library/Frameworks</string>
					<string>$(inherited)</string>
					<string>$(SYSTEM_APPS_DIR)/Xcode5-DP.app/Contents/Developer/Library/Frameworks</string>
				</array>
				<key>GCC_PRECOMPILE_PREFIX_HEADER</key>
				<string>YES</string>
				<key>GCC_PREFIX_HEADER</key>
				<string>PushNotifications/PushNotifications-Prefix.pch</string>
				<key>GCC_PREPROCESSOR_DEFINITIONS</key>
				<array>
					<string>DEBUG=1</string>
					<string>$(inherited)</string>
				</array>
				<key>INFOPLIST_FILE</key>
				<string>PushNotificationsTests/PushNotificationsTests-Info.plist</string>
				<key>PRODUCT_NAME</key>
				<string>$(TARGET_NAME)</string>
				<key>TEST_HOST</key>
				<string>$(BUNDLE_LOADER)</string>
				<key>WRAPPER_EXTENSION</key>
				<string>xctest</string>
			</dict>
			<key>isa</key>
			<string>XCBuildConfiguration</string>
			<key>name</key>
			<string>Debug</string>
		</dict>
		<key>AD39B80E178E03DC00F5DD63</key>
		<dict>
			<key>buildSettings</key>
			<dict>
				<key>BUNDLE_LOADER</key>
				<string>$(BUILT_PRODUCTS_DIR)/PushNotifications.app/PushNotifications</string>
				<key>FRAMEWORK_SEARCH_PATHS</key>
				<array>
					<string>$(SDKROOT)/Developer/Library/Frameworks</string>
					<string>$(inherited)</string>
					<string>$(SYSTEM_APPS_DIR)/Xcode5-DP.app/Contents/Developer/Library/Frameworks</string>
				</array>
				<key>GCC_PRECOMPILE_PREFIX_HEADER</key>
				<string>YES</string>
				<key>GCC_PREFIX_HEADER</key>
				<string>PushNotifications/PushNotifications-Prefix.pch</string>
				<key>INFOPLIST_FILE</key>
				<string>PushNotificationsTests/PushNotificationsTests-Info.plist</string>
				<key>PRODUCT_NAME</key>
				<string>$(TARGET_NAME)</string>
				<key>TEST_HOST</key>
				<string>$(BUNDLE_LOADER)</string>
				<key>WRAPPER_EXTENSION</key>
				<string>xctest</string>
			</dict>
			<key>isa</key>
			<string>XCBuildConfiguration</string>
			<key>name</key>
			<string>Release</string>
		</dict>
		<key>AD39B80F178E040100F5DD63</key>
		<dict>
			<key>fileEncoding</key>
			<string>4</string>
			<key>isa</key>
			<string>PBXFileReference</string>
			<key>lastKnownFileType</key>
			<string>text.plist.xml</string>
			<key>path</key>
			<string>Entitlements.plist</string>
			<key>sourceTree</key>
			<string>&lt;group&gt;</string>
		</dict>
		<key>AD39B810178E040100F5DD63</key>
		<dict>
			<key>fileRef</key>
			<string>AD39B80F178E040100F5DD63</string>
			<key>isa</key>
			<string>PBXBuildFile</string>
		</dict>
		<key>AD39B812178E049200F5DD63</key>
		<dict>
			<key>isa</key>
			<string>PBXFileReference</string>
			<key>lastKnownFileType</key>
			<string>file.storyboard</string>
			<key>path</key>
			<string>MainStoryboard.storyboard</string>
			<key>sourceTree</key>
			<string>&lt;group&gt;</string>
		</dict>
		<key>AD9DB500178E27B90040DAD5</key>
		<dict>
			<key>fileRef</key>
			<string>AD39B812178E049200F5DD63</string>
			<key>isa</key>
			<string>PBXBuildFile</string>
		</dict>
		<key>E10E31E3F6884674BF44C1C0</key>
		<dict>
			<key>includeInIndex</key>
			<string>1</string>
			<key>isa</key>
			<string>PBXFileReference</string>
			<key>lastKnownFileType</key>
			<string>text.xcconfig</string>
			<key>name</key>
			<string>Pods.xcconfig</string>
			<key>path</key>
			<string>Pods/Pods.xcconfig</string>
			<key>sourceTree</key>
			<string>SOURCE_ROOT</string>
		</dict>
		<key>F61D1B071D68436CABCE9E41</key>
		<dict>
			<key>buildActionMask</key>
			<string>2147483647</string>
			<key>files</key>
			<array/>
			<key>inputPaths</key>
			<array/>
			<key>isa</key>
			<string>PBXShellScriptBuildPhase</string>
			<key>name</key>
			<string>Copy Pods Resources</string>
			<key>outputPaths</key>
			<array/>
			<key>runOnlyForDeploymentPostprocessing</key>
			<string>0</string>
			<key>shellPath</key>
			<string>/bin/sh</string>
			<key>shellScript</key>
			<string>"${SRCROOT}/Pods/Pods-resources.sh"
</string>
			<key>showEnvVarsInLog</key>
			<string>1</string>
		</dict>
	</dict>
	<key>rootObject</key>
	<string>AD39B7CF178E03DC00F5DD63</string>
</dict>
</plist>
